
Microsoft Visual Studio Solution File, Format Version 12.00
# Visual Studio Version 17
VisualStudioVersion = 17.14.36414.22
MinimumVisualStudioVersion = 10.0.40219.1
Project("{FAE04EC0-301F-11D3-BF4B-00C04F79EFBC}") = "AIBrete", "AIBrete\AIBrete\AIBrete.csproj", "{46C0E497-9DD0-4B82-A16E-6188EA636930}"
EndProject
Project("{FAE04EC0-301F-11D3-BF4B-00C04F79EFBC}") = "AIBrete.Client", "AIBrete\AIBrete.Client\AIBrete.Client.csproj", "{4F311704-3784-44DE-8A61-8AE424351248}"
EndProject
Project("{FAE04EC0-301F-11D3-BF4B-00C04F79EFBC}") = "AIBrete.Shared", "AIBrete.Shared\AIBrete.Shared.csproj", "{38CBF6BC-F806-4C36-89F0-4EBE8CAAA9D5}"
EndProject
Global
	GlobalSection(SolutionConfigurationPlatforms) = preSolution
		Debug|Any CPU = Debug|Any CPU
		Release|Any CPU = Release|Any CPU
	EndGlobalSection
	GlobalSection(ProjectConfigurationPlatforms) = postSolution
		{46C0E497-9DD0-4B82-A16E-6188EA636930}.Debug|Any CPU.ActiveCfg = Debug|Any CPU
		{46C0E497-9DD0-4B82-A16E-6188EA636930}.Debug|Any CPU.Build.0 = Debug|Any CPU
		{46C0E497-9DD0-4B82-A16E-6188EA636930}.Release|Any CPU.ActiveCfg = Release|Any CPU
		{46C0E497-9DD0-4B82-A16E-6188EA636930}.Release|Any CPU.Build.0 = Release|Any CPU
		{4F311704-3784-44DE-8A61-8AE424351248}.Debug|Any CPU.ActiveCfg = Debug|Any CPU
		{4F311704-3784-44DE-8A61-8AE424351248}.Debug|Any CPU.Build.0 = Debug|Any CPU
		{4F311704-3784-44DE-8A61-8AE424351248}.Release|Any CPU.ActiveCfg = Release|Any CPU
		{4F311704-3784-44DE-8A61-8AE424351248}.Release|Any CPU.Build.0 = Release|Any CPU
		{38CBF6BC-F806-4C36-89F0-4EBE8CAAA9D5}.Debug|Any CPU.ActiveCfg = Debug|Any CPU
		{38CBF6BC-F806-4C36-89F0-4EBE8CAAA9D5}.Debug|Any CPU.Build.0 = Debug|Any CPU
		{38CBF6BC-F806-4C36-89F0-4EBE8CAAA9D5}.Release|Any CPU.ActiveCfg = Release|Any CPU
		{38CBF6BC-F806-4C36-89F0-4EBE8CAAA9D5}.Release|Any CPU.Build.0 = Release|Any CPU
	EndGlobalSection
	GlobalSection(SolutionProperties) = preSolution
		HideSolutionNode = FALSE
	EndGlobalSection
	GlobalSection(ExtensibilityGlobals) = postSolution
		SolutionGuid = {CD645721-F782-4B80-9548-1048D6644A0C}
	EndGlobalSection
EndGlobal
